{
  "nodes": {
    "flakeNimbleLib": {
      "inputs": {
        "nixpkgs": [
          "nixpkgs"
        ]
      },
      "locked": {
        "lastModified": 1662018438,
        "narHash": "sha256-QtNtU6+LX3Wokxf0zlFwKTFOcn6TeDjKQZ+DA9OYtvM=",
        "owner": "riinr",
        "repo": "nim-flakes-lib",
        "rev": "b1fe8340736e3a85d25c709ac3dfd82a55c03cbf",
        "type": "github"
      },
      "original": {
        "owner": "riinr",
        "ref": "master",
        "repo": "nim-flakes-lib",
        "type": "github"
      }
    },
    "nixpkgs": {
      "locked": {
        "lastModified": 1667110639,
        "narHash": "sha256-4FbPESZ5LbqQxkJJJBAfk/zKgF9h/4kyUwjjpJwYlbc=",
        "owner": "NixOS",
        "repo": "nixpkgs",
        "rev": "f38a1f04d1bec1feb61fd101a0539ae2002a7087",
        "type": "github"
      },
      "original": {
        "id": "nixpkgs",
        "type": "indirect"
      }
    },
    "root": {
      "inputs": {
        "flakeNimbleLib": "flakeNimbleLib",
        "nixpkgs": "nixpkgs",
        "serialport-master": "serialport-master"
      }
    },
    "serialport-master": {
      "inputs": {
        "flakeNimbleLib": [
          "flakeNimbleLib"
        ],
        "nixpkgs": [
          "nixpkgs"
        ],
        "src-serialport-master": "src-serialport-master"
      },
      "locked": {
        "dir": "master",
        "lastModified": 1662254808,
        "narHash": "sha256-eAkRic3yT6VXnk4zS62CRV8ILwRAVxq1ozB1jJ/CRlQ=",
        "owner": "nim-nix-pkgs",
        "repo": "serialport",
        "rev": "a5020bef99d4947d338ded0d1345841e140bc3f0",
        "type": "github"
      },
      "original": {
        "dir": "master",
        "owner": "nim-nix-pkgs",
        "ref": "master",
        "repo": "serialport",
        "type": "github"
      }
    },
    "src-serialport-master": {
      "flake": false,
      "locked": {
        "lastModified": 1454173195,
        "narHash": "sha256-nwF0tOGNSa9rsn++fEX/sF8npdQd3YiFsDgO9XGN2Dg=",
        "owner": "nimious",
        "repo": "serialport",
        "rev": "3445ecd3e553183f53905cb7e6795f326711960c",
        "type": "github"
      },
      "original": {
        "owner": "nimious",
        "ref": "refs/heads/master",
        "repo": "serialport",
        "type": "github"
      }
    }
  },
  "root": "root",
  "version": 7
}
